// !$*UTF8*$!
{
	archiveVersion = 1;
	classes = {
	};
	objectVersion = 50;
	objects = {

/* Begin PBXBuildFile section */
		03938F5E20810F1700F89D73 /* AppDelegate.swift in Sources */ = {isa = PBXBuildFile; fileRef = 03938F5D20810F1700F89D73 /* AppDelegate.swift */; };
		03938F6020810F1700F89D73 /* ViewController.swift in Sources */ = {isa = PBXBuildFile; fileRef = 03938F5F20810F1700F89D73 /* ViewController.swift */; };
		03938F6320810F1700F89D73 /* Main.storyboard in Resources */ = {isa = PBXBuildFile; fileRef = 03938F6120810F1700F89D73 /* Main.storyboard */; };
		03938F6520810F1800F89D73 /* Assets.xcassets in Resources */ = {isa = PBXBuildFile; fileRef = 03938F6420810F1800F89D73 /* Assets.xcassets */; };
		03938F6820810F1800F89D73 /* LaunchScreen.storyboard in Resources */ = {isa = PBXBuildFile; fileRef = 03938F6620810F1800F89D73 /* LaunchScreen.storyboard */; };
		03938F702081114700F89D73 /* LoginViewController.swift in Sources */ = {isa = PBXBuildFile; fileRef = 03938F6F2081114700F89D73 /* LoginViewController.swift */; };
		03938F762081621B00F89D73 /* SignUpViewController.swift in Sources */ = {isa = PBXBuildFile; fileRef = 03938F752081621B00F89D73 /* SignUpViewController.swift */; };
		03938F7A20825B1700F89D73 /* GoogleService-Info.plist in Resources */ = {isa = PBXBuildFile; fileRef = 03938F7920825B1700F89D73 /* GoogleService-Info.plist */; };
		03938F7C208299C500F89D73 /* noAccountARViewController.swift in Sources */ = {isa = PBXBuildFile; fileRef = 03938F7B208299C500F89D73 /* noAccountARViewController.swift */; };
		8A62F7C8BFBD2BCD9CA0DC39 /* Pods_rular.framework in Frameworks */ = {isa = PBXBuildFile; fileRef = 2032AEC5E75753F74D8FAA29 /* Pods_rular.framework */; };
/* End PBXBuildFile section */

/* Begin PBXFileReference section */
		03938F5A20810F1700F89D73 /* rular.app */ = {isa = PBXFileReference; explicitFileType = wrapper.application; includeInIndex = 0; path = rular.app; sourceTree = BUILT_PRODUCTS_DIR; };
		03938F5D20810F1700F89D73 /* AppDelegate.swift */ = {isa = PBXFileReference; lastKnownFileType = sourcecode.swift; path = AppDelegate.swift; sourceTree = "<group>"; };
		03938F5F20810F1700F89D73 /* ViewController.swift */ = {isa = PBXFileReference; lastKnownFileType = sourcecode.swift; path = ViewController.swift; sourceTree = "<group>"; };
		03938F6220810F1700F89D73 /* Base */ = {isa = PBXFileReference; lastKnownFileType = file.storyboard; name = Base; path = Base.lproj/Main.storyboard; sourceTree = "<group>"; };
		03938F6420810F1800F89D73 /* Assets.xcassets */ = {isa = PBXFileReference; lastKnownFileType = folder.assetcatalog; path = Assets.xcassets; sourceTree = "<group>"; };
		03938F6720810F1800F89D73 /* Base */ = {isa = PBXFileReference; lastKnownFileType = file.storyboard; name = Base; path = Base.lproj/LaunchScreen.storyboard; sourceTree = "<group>"; };
		03938F6920810F1800F89D73 /* Info.plist */ = {isa = PBXFileReference; lastKnownFileType = text.plist.xml; path = Info.plist; sourceTree = "<group>"; };
		03938F6F2081114700F89D73 /* LoginViewController.swift */ = {isa = PBXFileReference; lastKnownFileType = sourcecode.swift; path = LoginViewController.swift; sourceTree = "<group>"; };
		03938F752081621B00F89D73 /* SignUpViewController.swift */ = {isa = PBXFileReference; lastKnownFileType = sourcecode.swift; path = SignUpViewController.swift; sourceTree = "<group>"; };
		03938F7920825B1700F89D73 /* GoogleService-Info.plist */ = {isa = PBXFileReference; fileEncoding = 4; lastKnownFileType = text.plist.xml; path = "GoogleService-Info.plist"; sourceTree = "<group>"; };
		03938F7B208299C500F89D73 /* noAccountARViewController.swift */ = {isa = PBXFileReference; lastKnownFileType = sourcecode.swift; path = noAccountARViewController.swift; sourceTree = "<group>"; };
		2032AEC5E75753F74D8FAA29 /* Pods_rular.framework */ = {isa = PBXFileReference; explicitFileType = wrapper.framework; includeInIndex = 0; path = Pods_rular.framework; sourceTree = BUILT_PRODUCTS_DIR; };
		2CDE6B9448D2F19EF61F4046 /* Pods-rular.debug.xcconfig */ = {isa = PBXFileReference; includeInIndex = 1; lastKnownFileType = text.xcconfig; name = "Pods-rular.debug.xcconfig"; path = "Pods/Target Support Files/Pods-rular/Pods-rular.debug.xcconfig"; sourceTree = "<group>"; };
		D00F21A83AF1807087834CE5 /* Pods-rular.release.xcconfig */ = {isa = PBXFileReference; includeInIndex = 1; lastKnownFileType = text.xcconfig; name = "Pods-rular.release.xcconfig"; path = "Pods/Target Support Files/Pods-rular/Pods-rular.release.xcconfig"; sourceTree = "<group>"; };
/* End PBXFileReference section */

/* Begin PBXFrameworksBuildPhase section */
		03938F5720810F1700F89D73 /* Frameworks */ = {
			isa = PBXFrameworksBuildPhase;
			buildActionMask = 2147483647;
			files = (
				8A62F7C8BFBD2BCD9CA0DC39 /* Pods_rular.framework in Frameworks */,
			);
			runOnlyForDeploymentPostprocessing = 0;
		};
/* End PBXFrameworksBuildPhase section */

/* Begin PBXGroup section */
		03938F5120810F1700F89D73 = {
			isa = PBXGroup;
			children = (
				03938F5C20810F1700F89D73 /* rular */,
				03938F5B20810F1700F89D73 /* Products */,
				EB96FBF954F62A37AAB4BCB8 /* Pods */,
				B1E494551ECC9E53A6595788 /* Frameworks */,
			);
			sourceTree = "<group>";
		};
		03938F5B20810F1700F89D73 /* Products */ = {
			isa = PBXGroup;
			children = (
				03938F5A20810F1700F89D73 /* rular.app */,
			);
			name = Products;
			sourceTree = "<group>";
		};
		03938F5C20810F1700F89D73 /* rular */ = {
			isa = PBXGroup;
			children = (
				03938F5D20810F1700F89D73 /* AppDelegate.swift */,
				03938F5F20810F1700F89D73 /* ViewController.swift */,
				03938F6120810F1700F89D73 /* Main.storyboard */,
				03938F7B208299C500F89D73 /* noAccountARViewController.swift */,
				03938F752081621B00F89D73 /* SignUpViewController.swift */,
				03938F6F2081114700F89D73 /* LoginViewController.swift */,
				03938F6420810F1800F89D73 /* Assets.xcassets */,
				03938F6620810F1800F89D73 /* LaunchScreen.storyboard */,
				03938F6920810F1800F89D73 /* Info.plist */,
				03938F7920825B1700F89D73 /* GoogleService-Info.plist */,
			);
			path = rular;
			sourceTree = "<group>";
		};
		B1E494551ECC9E53A6595788 /* Frameworks */ = {
			isa = PBXGroup;
			children = (
				2032AEC5E75753F74D8FAA29 /* Pods_rular.framework */,
			);
			name = Frameworks;
			sourceTree = "<group>";
		};
		EB96FBF954F62A37AAB4BCB8 /* Pods */ = {
			isa = PBXGroup;
			children = (
				2CDE6B9448D2F19EF61F4046 /* Pods-rular.debug.xcconfig */,
				D00F21A83AF1807087834CE5 /* Pods-rular.release.xcconfig */,
			);
			name = Pods;
			sourceTree = "<group>";
		};
/* End PBXGroup section */

/* Begin PBXNativeTarget section */
		03938F5920810F1700F89D73 /* rular */ = {
			isa = PBXNativeTarget;
			buildConfigurationList = 03938F6C20810F1800F89D73 /* Build configuration list for PBXNativeTarget "rular" */;
			buildPhases = (
				3652356F8EE7816D5923545C /* [CP] Check Pods Manifest.lock */,
				03938F5620810F1700F89D73 /* Sources */,
				03938F5720810F1700F89D73 /* Frameworks */,
				03938F5820810F1700F89D73 /* Resources */,
				41A7C831C8DA82E6E6068D0A /* [CP] Embed Pods Frameworks */,
			);
			buildRules = (
			);
			dependencies = (
			);
			name = rular;
			productName = rular;
			productReference = 03938F5A20810F1700F89D73 /* rular.app */;
			productType = "com.apple.product-type.application";
		};
/* End PBXNativeTarget section */

/* Begin PBXProject section */
		03938F5220810F1700F89D73 /* Project object */ = {
			isa = PBXProject;
			attributes = {
				LastSwiftUpdateCheck = 0930;
				LastUpgradeCheck = 0930;
				ORGANIZATIONNAME = "Joshua Barrios";
				TargetAttributes = {
					03938F5920810F1700F89D73 = {
						CreatedOnToolsVersion = 9.3;
					};
				};
			};
			buildConfigurationList = 03938F5520810F1700F89D73 /* Build configuration list for PBXProject "rular" */;
			compatibilityVersion = "Xcode 9.3";
			developmentRegion = en;
			hasScannedForEncodings = 0;
			knownRegions = (
				en,
				Base,
			);
			mainGroup = 03938F5120810F1700F89D73;
			productRefGroup = 03938F5B20810F1700F89D73 /* Products */;
			projectDirPath = "";
			projectRoot = "";
			targets = (
				03938F5920810F1700F89D73 /* rular */,
			);
		};
/* End PBXProject section */

/* Begin PBXResourcesBuildPhase section */
		03938F5820810F1700F89D73 /* Resources */ = {
			isa = PBXResourcesBuildPhase;
			buildActionMask = 2147483647;
			files = (
				03938F6820810F1800F89D73 /* LaunchScreen.storyboard in Resources */,
				03938F7A20825B1700F89D73 /* GoogleService-Info.plist in Resources */,
				03938F6520810F1800F89D73 /* Assets.xcassets in Resources */,
				03938F6320810F1700F89D73 /* Main.storyboard in Resources */,
			);
			runOnlyForDeploymentPostprocessing = 0;
		};
/* End PBXResourcesBuildPhase section */

/* Begin PBXShellScriptBuildPhase section */
		3652356F8EE7816D5923545C /* [CP] Check Pods Manifest.lock */ = {
			isa = PBXShellScriptBuildPhase;
			buildActionMask = 2147483647;
			files = (
			);
			inputPaths = (
				"${PODS_PODFILE_DIR_PATH}/Podfile.lock",
				"${PODS_ROOT}/Manifest.lock",
			);
			name = "[CP] Check Pods Manifest.lock";
			outputPaths = (
				"$(DERIVED_FILE_DIR)/Pods-rular-checkManifestLockResult.txt",
			);
			runOnlyForDeploymentPostprocessing = 0;
			shellPath = /bin/sh;
			shellScript = "diff \"${PODS_PODFILE_DIR_PATH}/Podfile.lock\" \"${PODS_ROOT}/Manifest.lock\" > /dev/null\nif [ $? != 0 ] ; then\n    # print error to STDERR\n    echo \"error: The sandbox is not in sync with the Podfile.lock. Run 'pod install' or update your CocoaPods installation.\" >&2\n    exit 1\nfi\n# This output is used by Xcode 'outputs' to avoid re-running this script phase.\necho \"SUCCESS\" > \"${SCRIPT_OUTPUT_FILE_0}\"\n";
			showEnvVarsInLog = 0;
		};
		41A7C831C8DA82E6E6068D0A /* [CP] Embed Pods Frameworks */ = {
			isa = PBXShellScriptBuildPhase;
			buildActionMask = 2147483647;
			files = (
			);
			inputPaths = (
				"${SRCROOT}/Pods/Target Support Files/Pods-rular/Pods-rular-frameworks.sh",
				"${BUILT_PRODUCTS_DIR}/ChameleonFramework/ChameleonFramework.framework",
				"${BUILT_PRODUCTS_DIR}/GTMSessionFetcher/GTMSessionFetcher.framework",
				"${BUILT_PRODUCTS_DIR}/GoogleToolboxForMac/GoogleToolboxForMac.framework",
				"${BUILT_PRODUCTS_DIR}/leveldb-library/leveldb.framework",
				"${BUILT_PRODUCTS_DIR}/nanopb/nanopb.framework",
			);
			name = "[CP] Embed Pods Frameworks";
			outputPaths = (
				"${TARGET_BUILD_DIR}/${FRAMEWORKS_FOLDER_PATH}/ChameleonFramework.framework",
				"${TARGET_BUILD_DIR}/${FRAMEWORKS_FOLDER_PATH}/GTMSessionFetcher.framework",
				"${TARGET_BUILD_DIR}/${FRAMEWORKS_FOLDER_PATH}/GoogleToolboxForMac.framework",
				"${TARGET_BUILD_DIR}/${FRAMEWORKS_FOLDER_PATH}/leveldb.framework",
				"${TARGET_BUILD_DIR}/${FRAMEWORKS_FOLDER_PATH}/nanopb.framework",
			);
			runOnlyForDeploymentPostprocessing = 0;
			shellPath = /bin/sh;
			shellScript = "\"${SRCROOT}/Pods/Target Support Files/Pods-rular/Pods-rular-frameworks.sh\"\n";
			showEnvVarsInLog = 0;
		};
/* End PBXShellScriptBuildPhase section */

/* Begin PBXSourcesBuildPhase section */
		03938F5620810F1700F89D73 /* Sources */ = {
			isa = PBXSourcesBuildPhase;
			buildActionMask = 2147483647;
			files = (
				03938F702081114700F89D73 /* LoginViewController.swift in Sources */,
				03938F7C208299C500F89D73 /* noAccountARViewController.swift in Sources */,
				03938F6020810F1700F89D73 /* ViewController.swift in Sources */,
				03938F762081621B00F89D73 /* SignUpViewController.swift in Sources */,
				03938F5E20810F1700F89D73 /* AppDelegate.swift in Sources */,
			);
			runOnlyForDeploymentPostprocessing = 0;
		};
/* End PBXSourcesBuildPhase section */

/* Begin PBXVariantGroup section */
		03938F6120810F1700F89D73 /* Main.storyboard */ = {
			isa = PBXVariantGroup;
			children = (
				03938F6220810F1700F89D73 /* Base */,
			);
			name = Main.storyboard;
			sourceTree = "<group>";
		};
		03938F6620810F1800F89D73 /* LaunchScreen.storyboard */ = {
			isa = PBXVariantGroup;
			children = (
				03938F6720810F1800F89D73 /* Base */,
			);
			name = LaunchScreen.storyboard;
			sourceTree = "<group>";
		};
/* End PBXVariantGroup section */

/* Begin XCBuildConfiguration section */
		03938F6A20810F1800F89D73 /* Debug */ = {
			isa = XCBuildConfiguration;
			buildSettings = {
				ALWAYS_SEARCH_USER_PATHS = NO;
				CLANG_ANALYZER_NONNULL = YES;
				CLANG_ANALYZER_NUMBER_OBJECT_CONVERSION = YES_AGGRESSIVE;
				CLANG_CXX_LANGUAGE_STANDARD = "gnu++14";
				CLANG_CXX_LIBRARY = "libc++";
				CLANG_ENABLE_MODULES = YES;
				CLANG_ENABLE_OBJC_ARC = YES;
				CLANG_ENABLE_OBJC_WEAK = YES;
				CLANG_WARN_BLOCK_CAPTURE_AUTORELEASING = YES;
				CLANG_WARN_BOOL_CONVERSION = YES;
				CLANG_WARN_COMMA = YES;
				CLANG_WARN_CONSTANT_CONVERSION = YES;
				CLANG_WARN_DEPRECATED_OBJC_IMPLEMENTATIONS = YES;
				CLANG_WARN_DIRECT_OBJC_ISA_USAGE = YES_ERROR;
				CLANG_WARN_DOCUMENTATION_COMMENTS = YES;
				CLANG_WARN_EMPTY_BODY = YES;
				CLANG_WARN_ENUM_CONVERSION = YES;
				CLANG_WARN_INFINITE_RECURSION = YES;
				CLANG_WARN_INT_CONVERSION = YES;
				CLANG_WARN_NON_LITERAL_NULL_CONVERSION = YES;
				CLANG_WARN_OBJC_IMPLICIT_RETAIN_SELF = YES;
				CLANG_WARN_OBJC_LITERAL_CONVERSION = YES;
				CLANG_WARN_OBJC_ROOT_CLASS = YES_ERROR;
				CLANG_WARN_RANGE_LOOP_ANALYSIS = YES;
				CLANG_WARN_STRICT_PROTOTYPES = YES;
				CLANG_WARN_SUSPICIOUS_MOVE = YES;
				CLANG_WARN_UNGUARDED_AVAILABILITY = YES_AGGRESSIVE;
				CLANG_WARN_UNREACHABLE_CODE = YES;
				CLANG_WARN__DUPLICATE_METHOD_MATCH = YES;
				CODE_SIGN_IDENTITY = "iPhone Developer";
				COPY_PHASE_STRIP = NO;
				DEBUG_INFORMATION_FORMAT = dwarf;
				ENABLE_STRICT_OBJC_MSGSEND = YES;
				ENABLE_TESTABILITY = YES;
				GCC_C_LANGUAGE_STANDARD = gnu11;
				GCC_DYNAMIC_NO_PIC = NO;
				GCC_NO_COMMON_BLOCKS = YES;
				GCC_OPTIMIZATION_LEVEL = 0;
				GCC_PREPROCESSOR_DEFINITIONS = (
					"DEBUG=1",
					"$(inherited)",
				);
				GCC_WARN_64_TO_32_BIT_CONVERSION = YES;
				GCC_WARN_ABOUT_RETURN_TYPE = YES_ERROR;
				GCC_WARN_UNDECLARED_SELECTOR = YES;
				GCC_WARN_UNINITIALIZED_AUTOS = YES_AGGRESSIVE;
				GCC_WARN_UNUSED_FUNCTION = YES;
				GCC_WARN_UNUSED_VARIABLE = YES;
				IPHONEOS_DEPLOYMENT_TARGET = 11.3;
				MTL_ENABLE_DEBUG_INFO = YES;
				ONLY_ACTIVE_ARCH = YES;
				SDKROOT = iphoneos;
				SWIFT_ACTIVE_COMPILATION_CONDITIONS = DEBUG;
				SWIFT_OPTIMIZATION_LEVEL = "-Onone";
			};
			name = Debug;
		};
		03938F6B20810F1800F89D73 /* Release */ = {
			isa = XCBuildConfiguration;
			buildSettings = {
				ALWAYS_SEARCH_USER_PATHS = NO;
				CLANG_ANALYZER_NONNULL = YES;
				CLANG_ANALYZER_NUMBER_OBJECT_CONVERSION = YES_AGGRESSIVE;
				CLANG_CXX_LANGUAGE_STANDARD = "gnu++14";
				CLANG_CXX_LIBRARY = "libc++";
				CLANG_ENABLE_MODULES = YES;
				CLANG_ENABLE_OBJC_ARC = YES;
				CLANG_ENABLE_OBJC_WEAK = YES;
				CLANG_WARN_BLOCK_CAPTURE_AUTORELEASING = YES;
				CLANG_WARN_BOOL_CONVERSION = YES;
				CLANG_WARN_COMMA = YES;
				CLANG_WARN_CONSTANT_CONVERSION = YES;
				CLANG_WARN_DEPRECATED_OBJC_IMPLEMENTATIONS = YES;
				CLANG_WARN_DIRECT_OBJC_ISA_USAGE = YES_ERROR;
				CLANG_WARN_DOCUMENTATION_COMMENTS = YES;
				CLANG_WARN_EMPTY_BODY = YES;
				CLANG_WARN_ENUM_CONVERSION = YES;
				CLANG_WARN_INFINITE_RECURSION = YES;
				CLANG_WARN_INT_CONVERSION = YES;
				CLANG_WARN_NON_LITERAL_NULL_CONVERSION = YES;
				CLANG_WARN_OBJC_IMPLICIT_RETAIN_SELF = YES;
				CLANG_WARN_OBJC_LITERAL_CONVERSION = YES;
				CLANG_WARN_OBJC_ROOT_CLASS = YES_ERROR;
				CLANG_WARN_RANGE_LOOP_ANALYSIS = YES;
				CLANG_WARN_STRICT_PROTOTYPES = YES;
				CLANG_WARN_SUSPICIOUS_MOVE = YES;
				CLANG_WARN_UNGUARDED_AVAILABILITY = YES_AGGRESSIVE;
				CLANG_WARN_UNREACHABLE_CODE = YES;
				CLANG_WARN__DUPLICATE_METHOD_MATCH = YES;
				CODE_SIGN_IDENTITY = "iPhone Developer";
				COPY_PHASE_STRIP = NO;
				DEBUG_INFORMATION_FORMAT = "dwarf-with-dsym";
				ENABLE_NS_ASSERTIONS = NO;
				ENABLE_STRICT_OBJC_MSGSEND = YES;
				GCC_C_LANGUAGE_STANDARD = gnu11;
				GCC_NO_COMMON_BLOCKS = YES;
				GCC_WARN_64_TO_32_BIT_CONVERSION = YES;
				GCC_WARN_ABOUT_RETURN_TYPE = YES_ERROR;
				GCC_WARN_UNDECLARED_SELECTOR = YES;
				GCC_WARN_UNINITIALIZED_AUTOS = YES_AGGRESSIVE;
				GCC_WARN_UNUSED_FUNCTION = YES;
				GCC_WARN_UNUSED_VARIABLE = YES;
				IPHONEOS_DEPLOYMENT_TARGET = 11.3;
				MTL_ENABLE_DEBUG_INFO = NO;
				SDKROOT = iphoneos;
				SWIFT_COMPILATION_MODE = wholemodule;
				SWIFT_OPTIMIZATION_LEVEL = "-O";
				VALIDATE_PRODUCT = YES;
			};
			name = Release;
		};
		03938F6D20810F1800F89D73 /* Debug */ = {
			isa = XCBuildConfiguration;
			baseConfigurationReference = 2CDE6B9448D2F19EF61F4046 /* Pods-rular.debug.xcconfig */;
			buildSettings = {
				ASSETCATALOG_COMPILER_APPICON_NAME = AppIcon;
				CODE_SIGN_STYLE = Automatic;
				DEVELOPMENT_TEAM = G3L78HDX6S;
				INFOPLIST_FILE = rular/Info.plist;
				LD_RUNPATH_SEARCH_PATHS = (
					"$(inherited)",
					"@executable_path/Frameworks",
				);
				PRODUCT_BUNDLE_IDENTIFIER = com.joshuabarrios.rular;
				PRODUCT_NAME = "$(TARGET_NAME)";
				SWIFT_VERSION = 4.0;
				TARGETED_DEVICE_FAMILY = "1,2";
			};
			name = Debug;
		};
		03938F6E20810F1800F89D73 /* Release */ = {
			isa = XCBuildConfiguration;
			baseConfigurationReference = D00F21A83AF1807087834CE5 /* Pods-rular.release.xcconfig */;
			buildSettings = {
				ASSETCATALOG_COMPILER_APPICON_NAME = AppIcon;
				CODE_SIGN_STYLE = Automatic;
				DEVELOPMENT_TEAM = G3L78HDX6S;
				INFOPLIST_FILE = rular/Info.plist;
				LD_RUNPATH_SEARCH_PATHS = (
					"$(inherited)",
					"@executable_path/Frameworks",
				);
				PRODUCT_BUNDLE_IDENTIFIER = com.joshuabarrios.rular;
				PRODUCT_NAME = "$(TARGET_NAME)";
				SWIFT_VERSION = 4.0;
				TARGETED_DEVICE_FAMILY = "1,2";
			};
			name = Release;
		};
/* End XCBuildConfiguration section */

/* Begin XCConfigurationList section */
		03938F5520810F1700F89D73 /* Build configuration list for PBXProject "rular" */ = {
			isa = XCConfigurationList;
			buildConfigurations = (
				03938F6A20810F1800F89D73 /* Debug */,
				03938F6B20810F1800F89D73 /* Release */,
			);
			defaultConfigurationIsVisible = 0;
			defaultConfigurationName = Release;
		};
		03938F6C20810F1800F89D73 /* Build configuration list for PBXNativeTarget "rular" */ = {
			isa = XCConfigurationList;
			buildConfigurations = (
				03938F6D20810F1800F89D73 /* Debug */,
				03938F6E20810F1800F89D73 /* Release */,
			);
			defaultConfigurationIsVisible = 0;
			defaultConfigurationName = Release;
		};
/* End XCConfigurationList section */
	};
	rootObject = 03938F5220810F1700F89D73 /* Project object */;
}
